
Microsoft Visual Studio Solution File, Format Version 12.00
# Visual Studio Version 17
VisualStudioVersion = 17.13.35931.197 d17.13
MinimumVisualStudioVersion = 10.0.40219.1
Project("{FAE04EC0-301F-11D3-BF4B-00C04F79EFBC}") = "TP4_GRUPO_15", "TP4_GRUPO_15\TP4_GRUPO_15.csproj", "{0809E1BB-95ED-4ACE-9785-214CA1DDD32A}"
EndProject
Global
	GlobalSection(SolutionConfigurationPlatforms) = preSolution
		Debug|Any CPU = Debug|Any CPU
		Release|Any CPU = Release|Any CPU
	EndGlobalSection
	GlobalSection(ProjectConfigurationPlatforms) = postSolution
		{0809E1BB-95ED-4ACE-9785-214CA1DDD32A}.Debug|Any CPU.ActiveCfg = Debug|Any CPU
		{0809E1BB-95ED-4ACE-9785-214CA1DDD32A}.Debug|Any CPU.Build.0 = Debug|Any CPU
		{0809E1BB-95ED-4ACE-9785-214CA1DDD32A}.Release|Any CPU.ActiveCfg = Release|Any CPU
		{0809E1BB-95ED-4ACE-9785-214CA1DDD32A}.Release|Any CPU.Build.0 = Release|Any CPU
	EndGlobalSection
	GlobalSection(SolutionProperties) = preSolution
		HideSolutionNode = FALSE
	EndGlobalSection
	GlobalSection(ExtensibilityGlobals) = postSolution
		SolutionGuid = {84D86DCB-A052-46F3-90D2-00341CE2D91F}
	EndGlobalSection
EndGlobal
